
Microsoft Visual Studio Solution File, Format Version 12.00
# Visual Studio Version 17
VisualStudioVersion = 17.5.33424.131
MinimumVisualStudioVersion = 10.0.40219.1
Project("{8BC9CEB8-8B4A-11D0-8D11-00A0C91BC942}") = "WebCrawler", "WebCrawler\WebCrawler.vcxproj", "{758AE90F-FF64-493A-89BD-D7D5DF393008}"
EndProject
Global
	GlobalSection(SolutionConfigurationPlatforms) = preSolution
		Debug|x64 = Debug|x64
		Debug|x86 = Debug|x86
		Release|x64 = Release|x64
		Release|x86 = Release|x86
	EndGlobalSection
	GlobalSection(ProjectConfigurationPlatforms) = postSolution
		{758AE90F-FF64-493A-89BD-D7D5DF393008}.Debug|x64.ActiveCfg = Debug|x64
		{758AE90F-FF64-493A-89BD-D7D5DF393008}.Debug|x64.Build.0 = Debug|x64
		{758AE90F-FF64-493A-89BD-D7D5DF393008}.Debug|x86.ActiveCfg = Debug|Win32
		{758AE90F-FF64-493A-89BD-D7D5DF393008}.Debug|x86.Build.0 = Debug|Win32
		{758AE90F-FF64-493A-89BD-D7D5DF393008}.Release|x64.ActiveCfg = Release|x64
		{758AE90F-FF64-493A-89BD-D7D5DF393008}.Release|x64.Build.0 = Release|x64
		{758AE90F-FF64-493A-89BD-D7D5DF393008}.Release|x86.ActiveCfg = Release|Win32
		{758AE90F-FF64-493A-89BD-D7D5DF393008}.Release|x86.Build.0 = Release|Win32
	EndGlobalSection
	GlobalSection(SolutionProperties) = preSolution
		HideSolutionNode = FALSE
	EndGlobalSection
	GlobalSection(ExtensibilityGlobals) = postSolution
		SolutionGuid = {EEA44467-AD31-4FBA-8CC5-29B072705083}
	EndGlobalSection
EndGlobal
